core:changelogs:
  - content: "---\npackages:\n  \"@bgub/fig-tanstack-router\":\n    type: patch\n---\n\n## Fix consecutive TanStack Router view transitions\n\nTanStack Router history loads now retain their promises inside Fig's transition\nscope, so preloaded, cached, back, and forward routes continue to animate shared\nelements across consecutive client-side navigations.\n"
    filename: fix-tanstack-consecutive-view-transitions.md
    v: 0.0.0
core:packages:
  - id: npm:@bgub/fig
    updated: false
  - id: npm:@bgub/fig-dom
    updated: false
  - id: npm:@bgub/fig-reconciler
    updated: false
  - id: npm:@bgub/fig-refresh
    updated: false
  - id: npm:@bgub/fig-server
    updated: false
  - changelogIds:
      - fix-tanstack-consecutive-view-transitions.md
    id: npm:@bgub/fig-tanstack-router
    updated: true
  - id: npm:@bgub/fig-tanstack-start
    updated: true
  - id: npm:@bgub/fig-vite
    updated: false
npm:packages:
  - distTag: latest
    id: npm:@bgub/fig
  - distTag: latest
    id: npm:@bgub/fig-dom
  - distTag: latest
    id: npm:@bgub/fig-reconciler
  - distTag: latest
    id: npm:@bgub/fig-refresh
  - distTag: latest
    id: npm:@bgub/fig-server
  - distTag: latest
    id: npm:@bgub/fig-tanstack-router
  - distTag: latest
    id: npm:@bgub/fig-tanstack-start
  - distTag: latest
    id: npm:@bgub/fig-vite
  - id: npm:@bgub/fig-demo-tanstack-start
  - id: npm:@bgub/fig-demo-tanstack-router
