core:changelogs:
  - content: "---\npackages:\n  \"@bgub/fig-tanstack-router\":\n    type: patch\n  \"@bgub/fig-tanstack-start\":\n    type: patch\n---\n\n## Update TanStack cores and hydration streaming\n\nUpdate the TanStack Router and Start integrations to the latest stable cores, including Start Server Core 1.169.39's fix for GHSA-qx66-fv34-fjm8. Adapt SSR script rendering to Router Core's initial hydration tags and stream boundary, preserve exact link search matching and explicit undefined values with the new comparison API, and update History and Store dependencies.\n\nLet browser bundles discard server-only adapter branches and reuse native attribute normalization for route asset resources and positioned tags.\n"
    filename: tanstack-security-update.md
    v: 0.0.0
core:packages:
  - id: npm:@bgub/fig
    updated: false
  - id: npm:@bgub/fig-dom
    updated: false
  - id: npm:@bgub/fig-reconciler
    updated: false
  - id: npm:@bgub/fig-refresh
    updated: false
  - id: npm:@bgub/fig-server
    updated: false
  - changelogIds:
      - tanstack-security-update.md
    id: npm:@bgub/fig-tanstack-router
    updated: true
  - changelogIds:
      - tanstack-security-update.md
    id: npm:@bgub/fig-tanstack-start
    updated: true
  - id: npm:@bgub/fig-vite
    updated: false
npm:packages:
  - distTag: latest
    id: npm:@bgub/fig
  - distTag: latest
    id: npm:@bgub/fig-dom
  - distTag: latest
    id: npm:@bgub/fig-reconciler
  - distTag: latest
    id: npm:@bgub/fig-refresh
  - distTag: latest
    id: npm:@bgub/fig-server
  - distTag: latest
    id: npm:@bgub/fig-tanstack-router
  - distTag: latest
    id: npm:@bgub/fig-tanstack-start
  - distTag: latest
    id: npm:@bgub/fig-vite
  - id: npm:@bgub/fig-demo-tanstack-start
  - id: npm:@bgub/fig-demo-tanstack-router
