core:changelogs:
  - content: "---\npackages:\n  \"@bgub/fig-tanstack-router\":\n    type: patch\n  \"@bgub/fig-tanstack-start\":\n    type: patch\n---\n\n## Preserve TanStack Start inline CSS during hydration\n\nAdopt the server-rendered contents of TanStack Start's inline CSS placeholder\nso full-document hydration no longer replaces the application styles with an\nempty style element.\n"
    filename: tanstack-inline-css-hydration.md
    v: 0.0.0
core:packages:
  - id: npm:@bgub/fig
    updated: true
  - id: npm:@bgub/fig-dom
    updated: true
  - id: npm:@bgub/fig-reconciler
    updated: true
  - id: npm:@bgub/fig-refresh
    updated: true
  - id: npm:@bgub/fig-server
    updated: true
  - changelogIds:
      - tanstack-inline-css-hydration.md
    id: npm:@bgub/fig-tanstack-router
    updated: true
  - changelogIds:
      - tanstack-inline-css-hydration.md
    id: npm:@bgub/fig-tanstack-start
    updated: true
  - id: npm:@bgub/fig-vite
    updated: true
npm:packages:
  - distTag: latest
    id: npm:@bgub/fig
  - id: npm:@bgub/fig-demo-client
  - id: npm:@bgub/fig-demo-hmr
  - id: npm:@bgub/fig-demo-payload
  - id: npm:@bgub/fig-demo-ssr
  - id: npm:@bgub/fig-demo-tanstack-router
  - id: npm:@bgub/fig-demo-tanstack-start
  - id: npm:@bgub/fig-devtools
  - distTag: latest
    id: npm:@bgub/fig-dom
  - distTag: latest
    id: npm:@bgub/fig-reconciler
  - distTag: latest
    id: npm:@bgub/fig-refresh
  - distTag: latest
    id: npm:@bgub/fig-server
  - distTag: latest
    id: npm:@bgub/fig-tanstack-router
  - distTag: latest
    id: npm:@bgub/fig-tanstack-start
  - distTag: latest
    id: npm:@bgub/fig-vite
